
Microsoft Visual Studio Solution File, Format Version 12.00
# Visual Studio 14
VisualStudioVersion = 14.0.25420.1
MinimumVisualStudioVersion = 10.0.40219.1
Project("{8BC9CEB8-8B4A-11D0-8D11-00A0C91BC942}") = "Efficio.Core", "Core\Efficio.Core.vcxproj", "{A450FDCA-E9F3-4B2B-985A-EF6F79864240}"
EndProject
Project("{8BC9CEB8-8B4A-11D0-8D11-00A0C91BC942}") = "Efficio.LeapMotion", "Plugins\Sensors\LeapMotion\Efficio.LeapMotion.vcxproj", "{4397F877-DF00-43CE-8EBE-AF386F3CEFDD}"
EndProject
Project("{8BC9CEB8-8B4A-11D0-8D11-00A0C91BC942}") = "EfficioRuntime", "Runtime\Efficio.Runtime.vcxproj", "{2DB73CD4-AEEA-4DFE-90B2-FFB932D50D3B}"
EndProject
Project("{8BC9CEB8-8B4A-11D0-8D11-00A0C91BC942}") = "Efficio.RealSense", "Plugins\Sensors\RealSense\Efficio.RealSense.vcxproj", "{F52BA6E1-3468-49EA-B54B-872877C67624}"
EndProject
Project("{8BC9CEB8-8B4A-11D0-8D11-00A0C91BC942}") = "Efficio.Kinect", "Plugins\Sensors\Kinect\Efficio.Kinect.vcxproj", "{34C7FD5E-08F0-4877-BE74-7F789014BFBA}"
EndProject
Project("{2150E333-8FDC-42A3-9474-1A3956D46DE8}") = "Sensors", "Sensors", "{F2B21519-969F-4617-945E-E844D388EA39}"
EndProject
Project("{2150E333-8FDC-42A3-9474-1A3956D46DE8}") = "Plugins", "Plugins", "{2B4CF502-82CB-4549-829B-D801DE362C07}"
EndProject
Project("{FAE04EC0-301F-11D3-BF4B-00C04F79EFBC}") = "Efficio.Net", "Integration\Efficio.Net\Efficio.Net.csproj", "{373DBE4B-55E5-4319-8A2C-7B296EACC940}"
	ProjectSection(ProjectDependencies) = postProject
		{2DB73CD4-AEEA-4DFE-90B2-FFB932D50D3B} = {2DB73CD4-AEEA-4DFE-90B2-FFB932D50D3B}
	EndProjectSection
EndProject
Project("{2150E333-8FDC-42A3-9474-1A3956D46DE8}") = "Integration", "Integration", "{E79AD21A-D02F-46BE-8BA3-CB201E7161C5}"
EndProject
Project("{2150E333-8FDC-42A3-9474-1A3956D46DE8}") = "Efficio.Net", "Efficio.Net", "{A8C03BEC-74DB-43F5-A472-312CE07CBD04}"
EndProject
Project("{FAE04EC0-301F-11D3-BF4B-00C04F79EFBC}") = "Efficio.Net.Experimentation", "Integration\Efficio.Net\Efficio.Net.Experimentation\Efficio.Net.Experimentation.csproj", "{72B0EA95-43F9-4580-BA2E-10045D61E676}"
EndProject
Project("{2150E333-8FDC-42A3-9474-1A3956D46DE8}") = "Models", "Models", "{087F9AB0-2BB7-4131-A0AD-FB37EF232748}"
EndProject
Project("{8BC9CEB8-8B4A-11D0-8D11-00A0C91BC942}") = "EfficioRuntime.Experimentation", "Runtime\EfficioRuntime.Experimentation\EfficioRuntime.Experimentation.vcxproj", "{8A92E344-153C-41C7-A1B5-BF8981381490}"
EndProject
Project("{2150E333-8FDC-42A3-9474-1A3956D46DE8}") = "Efficio.Unity", "Efficio.Unity", "{F65F8DCE-F5AA-43EA-BF20-A45E4D2AE3F9}"
EndProject
Project("{FAE04EC0-301F-11D3-BF4B-00C04F79EFBC}") = "Efficio.Unity", "Integration\Efficio.Unity\Efficio.Unity.csproj", "{59E3B6FE-6B31-4FDA-BE1F-74EBBAC737EF}"
	ProjectSection(ProjectDependencies) = postProject
		{373DBE4B-55E5-4319-8A2C-7B296EACC940} = {373DBE4B-55E5-4319-8A2C-7B296EACC940}
	EndProjectSection
EndProject
Global
	GlobalSection(SolutionConfigurationPlatforms) = preSolution
		Debug|Any CPU = Debug|Any CPU
		Debug|x64 = Debug|x64
		Debug|x86 = Debug|x86
		Release|Any CPU = Release|Any CPU
		Release|x64 = Release|x64
		Release|x86 = Release|x86
	EndGlobalSection
	GlobalSection(ProjectConfigurationPlatforms) = postSolution
		{A450FDCA-E9F3-4B2B-985A-EF6F79864240}.Debug|Any CPU.ActiveCfg = Debug|Win32
		{A450FDCA-E9F3-4B2B-985A-EF6F79864240}.Debug|x64.ActiveCfg = Debug|x64
		{A450FDCA-E9F3-4B2B-985A-EF6F79864240}.Debug|x64.Build.0 = Debug|x64
		{A450FDCA-E9F3-4B2B-985A-EF6F79864240}.Debug|x86.ActiveCfg = Debug|Win32
		{A450FDCA-E9F3-4B2B-985A-EF6F79864240}.Debug|x86.Build.0 = Debug|Win32
		{A450FDCA-E9F3-4B2B-985A-EF6F79864240}.Release|Any CPU.ActiveCfg = Release|Win32
		{A450FDCA-E9F3-4B2B-985A-EF6F79864240}.Release|x64.ActiveCfg = Release|x64
		{A450FDCA-E9F3-4B2B-985A-EF6F79864240}.Release|x64.Build.0 = Release|x64
		{A450FDCA-E9F3-4B2B-985A-EF6F79864240}.Release|x86.ActiveCfg = Release|Win32
		{A450FDCA-E9F3-4B2B-985A-EF6F79864240}.Release|x86.Build.0 = Release|Win32
		{4397F877-DF00-43CE-8EBE-AF386F3CEFDD}.Debug|Any CPU.ActiveCfg = Debug|Win32
		{4397F877-DF00-43CE-8EBE-AF386F3CEFDD}.Debug|x64.ActiveCfg = Debug|x64
		{4397F877-DF00-43CE-8EBE-AF386F3CEFDD}.Debug|x64.Build.0 = Debug|x64
		{4397F877-DF00-43CE-8EBE-AF386F3CEFDD}.Debug|x86.ActiveCfg = Debug|Win32
		{4397F877-DF00-43CE-8EBE-AF386F3CEFDD}.Debug|x86.Build.0 = Debug|Win32
		{4397F877-DF00-43CE-8EBE-AF386F3CEFDD}.Release|Any CPU.ActiveCfg = Release|Win32
		{4397F877-DF00-43CE-8EBE-AF386F3CEFDD}.Release|x64.ActiveCfg = Release|x64
		{4397F877-DF00-43CE-8EBE-AF386F3CEFDD}.Release|x64.Build.0 = Release|x64
		{4397F877-DF00-43CE-8EBE-AF386F3CEFDD}.Release|x86.ActiveCfg = Release|Win32
		{4397F877-DF00-43CE-8EBE-AF386F3CEFDD}.Release|x86.Build.0 = Release|Win32
		{2DB73CD4-AEEA-4DFE-90B2-FFB932D50D3B}.Debug|Any CPU.ActiveCfg = Debug|Win32
		{2DB73CD4-AEEA-4DFE-90B2-FFB932D50D3B}.Debug|x64.ActiveCfg = Debug|x64
		{2DB73CD4-AEEA-4DFE-90B2-FFB932D50D3B}.Debug|x64.Build.0 = Debug|x64
		{2DB73CD4-AEEA-4DFE-90B2-FFB932D50D3B}.Debug|x86.ActiveCfg = Debug|Win32
		{2DB73CD4-AEEA-4DFE-90B2-FFB932D50D3B}.Debug|x86.Build.0 = Debug|Win32
		{2DB73CD4-AEEA-4DFE-90B2-FFB932D50D3B}.Release|Any CPU.ActiveCfg = Release|Win32
		{2DB73CD4-AEEA-4DFE-90B2-FFB932D50D3B}.Release|x64.ActiveCfg = Release|x64
		{2DB73CD4-AEEA-4DFE-90B2-FFB932D50D3B}.Release|x64.Build.0 = Release|x64
		{2DB73CD4-AEEA-4DFE-90B2-FFB932D50D3B}.Release|x86.ActiveCfg = Release|Win32
		{2DB73CD4-AEEA-4DFE-90B2-FFB932D50D3B}.Release|x86.Build.0 = Release|Win32
		{F52BA6E1-3468-49EA-B54B-872877C67624}.Debug|Any CPU.ActiveCfg = Debug|Win32
		{F52BA6E1-3468-49EA-B54B-872877C67624}.Debug|x64.ActiveCfg = Debug|x64
		{F52BA6E1-3468-49EA-B54B-872877C67624}.Debug|x64.Build.0 = Debug|x64
		{F52BA6E1-3468-49EA-B54B-872877C67624}.Debug|x86.ActiveCfg = Debug|Win32
		{F52BA6E1-3468-49EA-B54B-872877C67624}.Debug|x86.Build.0 = Debug|Win32
		{F52BA6E1-3468-49EA-B54B-872877C67624}.Release|Any CPU.ActiveCfg = Release|Win32
		{F52BA6E1-3468-49EA-B54B-872877C67624}.Release|x64.ActiveCfg = Release|x64
		{F52BA6E1-3468-49EA-B54B-872877C67624}.Release|x64.Build.0 = Release|x64
		{F52BA6E1-3468-49EA-B54B-872877C67624}.Release|x86.ActiveCfg = Release|Win32
		{F52BA6E1-3468-49EA-B54B-872877C67624}.Release|x86.Build.0 = Release|Win32
		{34C7FD5E-08F0-4877-BE74-7F789014BFBA}.Debug|Any CPU.ActiveCfg = Debug|Win32
		{34C7FD5E-08F0-4877-BE74-7F789014BFBA}.Debug|x64.ActiveCfg = Debug|x64
		{34C7FD5E-08F0-4877-BE74-7F789014BFBA}.Debug|x64.Build.0 = Debug|x64
		{34C7FD5E-08F0-4877-BE74-7F789014BFBA}.Debug|x86.ActiveCfg = Debug|Win32
		{34C7FD5E-08F0-4877-BE74-7F789014BFBA}.Debug|x86.Build.0 = Debug|Win32
		{34C7FD5E-08F0-4877-BE74-7F789014BFBA}.Release|Any CPU.ActiveCfg = Release|Win32
		{34C7FD5E-08F0-4877-BE74-7F789014BFBA}.Release|x64.ActiveCfg = Release|x64
		{34C7FD5E-08F0-4877-BE74-7F789014BFBA}.Release|x64.Build.0 = Release|x64
		{34C7FD5E-08F0-4877-BE74-7F789014BFBA}.Release|x86.ActiveCfg = Release|Win32
		{34C7FD5E-08F0-4877-BE74-7F789014BFBA}.Release|x86.Build.0 = Release|Win32
		{373DBE4B-55E5-4319-8A2C-7B296EACC940}.Debug|Any CPU.ActiveCfg = Debug|Any CPU
		{373DBE4B-55E5-4319-8A2C-7B296EACC940}.Debug|Any CPU.Build.0 = Debug|Any CPU
		{373DBE4B-55E5-4319-8A2C-7B296EACC940}.Debug|x64.ActiveCfg = Debug|x64
		{373DBE4B-55E5-4319-8A2C-7B296EACC940}.Debug|x64.Build.0 = Debug|x64
		{373DBE4B-55E5-4319-8A2C-7B296EACC940}.Debug|x86.ActiveCfg = Debug|Any CPU
		{373DBE4B-55E5-4319-8A2C-7B296EACC940}.Debug|x86.Build.0 = Debug|Any CPU
		{373DBE4B-55E5-4319-8A2C-7B296EACC940}.Release|Any CPU.ActiveCfg = Release|Any CPU
		{373DBE4B-55E5-4319-8A2C-7B296EACC940}.Release|Any CPU.Build.0 = Release|Any CPU
		{373DBE4B-55E5-4319-8A2C-7B296EACC940}.Release|x64.ActiveCfg = Release|Any CPU
		{373DBE4B-55E5-4319-8A2C-7B296EACC940}.Release|x64.Build.0 = Release|Any CPU
		{373DBE4B-55E5-4319-8A2C-7B296EACC940}.Release|x86.ActiveCfg = Release|Any CPU
		{373DBE4B-55E5-4319-8A2C-7B296EACC940}.Release|x86.Build.0 = Release|Any CPU
		{72B0EA95-43F9-4580-BA2E-10045D61E676}.Debug|Any CPU.ActiveCfg = Debug|Any CPU
		{72B0EA95-43F9-4580-BA2E-10045D61E676}.Debug|Any CPU.Build.0 = Debug|Any CPU
		{72B0EA95-43F9-4580-BA2E-10045D61E676}.Debug|x64.ActiveCfg = Debug|x64
		{72B0EA95-43F9-4580-BA2E-10045D61E676}.Debug|x64.Build.0 = Debug|x64
		{72B0EA95-43F9-4580-BA2E-10045D61E676}.Debug|x86.ActiveCfg = Debug|Any CPU
		{72B0EA95-43F9-4580-BA2E-10045D61E676}.Debug|x86.Build.0 = Debug|Any CPU
		{72B0EA95-43F9-4580-BA2E-10045D61E676}.Release|Any CPU.ActiveCfg = Release|Any CPU
		{72B0EA95-43F9-4580-BA2E-10045D61E676}.Release|Any CPU.Build.0 = Release|Any CPU
		{72B0EA95-43F9-4580-BA2E-10045D61E676}.Release|x64.ActiveCfg = Release|Any CPU
		{72B0EA95-43F9-4580-BA2E-10045D61E676}.Release|x64.Build.0 = Release|Any CPU
		{72B0EA95-43F9-4580-BA2E-10045D61E676}.Release|x86.ActiveCfg = Release|Any CPU
		{72B0EA95-43F9-4580-BA2E-10045D61E676}.Release|x86.Build.0 = Release|Any CPU
		{8A92E344-153C-41C7-A1B5-BF8981381490}.Debug|Any CPU.ActiveCfg = Debug|Win32
		{8A92E344-153C-41C7-A1B5-BF8981381490}.Debug|x64.ActiveCfg = Debug|x64
		{8A92E344-153C-41C7-A1B5-BF8981381490}.Debug|x64.Build.0 = Debug|x64
		{8A92E344-153C-41C7-A1B5-BF8981381490}.Debug|x86.ActiveCfg = Debug|Win32
		{8A92E344-153C-41C7-A1B5-BF8981381490}.Debug|x86.Build.0 = Debug|Win32
		{8A92E344-153C-41C7-A1B5-BF8981381490}.Release|Any CPU.ActiveCfg = Release|Win32
		{8A92E344-153C-41C7-A1B5-BF8981381490}.Release|x64.ActiveCfg = Release|x64
		{8A92E344-153C-41C7-A1B5-BF8981381490}.Release|x64.Build.0 = Release|x64
		{8A92E344-153C-41C7-A1B5-BF8981381490}.Release|x86.ActiveCfg = Release|Win32
		{8A92E344-153C-41C7-A1B5-BF8981381490}.Release|x86.Build.0 = Release|Win32
		{59E3B6FE-6B31-4FDA-BE1F-74EBBAC737EF}.Debug|Any CPU.ActiveCfg = Debug|Any CPU
		{59E3B6FE-6B31-4FDA-BE1F-74EBBAC737EF}.Debug|Any CPU.Build.0 = Debug|Any CPU
		{59E3B6FE-6B31-4FDA-BE1F-74EBBAC737EF}.Debug|x64.ActiveCfg = Debug|Any CPU
		{59E3B6FE-6B31-4FDA-BE1F-74EBBAC737EF}.Debug|x64.Build.0 = Debug|Any CPU
		{59E3B6FE-6B31-4FDA-BE1F-74EBBAC737EF}.Debug|x86.ActiveCfg = Debug|Any CPU
		{59E3B6FE-6B31-4FDA-BE1F-74EBBAC737EF}.Debug|x86.Build.0 = Debug|Any CPU
		{59E3B6FE-6B31-4FDA-BE1F-74EBBAC737EF}.Release|Any CPU.ActiveCfg = Release|Any CPU
		{59E3B6FE-6B31-4FDA-BE1F-74EBBAC737EF}.Release|Any CPU.Build.0 = Release|Any CPU
		{59E3B6FE-6B31-4FDA-BE1F-74EBBAC737EF}.Release|x64.ActiveCfg = Release|Any CPU
		{59E3B6FE-6B31-4FDA-BE1F-74EBBAC737EF}.Release|x64.Build.0 = Release|Any CPU
		{59E3B6FE-6B31-4FDA-BE1F-74EBBAC737EF}.Release|x86.ActiveCfg = Release|Any CPU
		{59E3B6FE-6B31-4FDA-BE1F-74EBBAC737EF}.Release|x86.Build.0 = Release|Any CPU
	EndGlobalSection
	GlobalSection(SolutionProperties) = preSolution
		HideSolutionNode = FALSE
	EndGlobalSection
	GlobalSection(NestedProjects) = preSolution
		{4397F877-DF00-43CE-8EBE-AF386F3CEFDD} = {F2B21519-969F-4617-945E-E844D388EA39}
		{F52BA6E1-3468-49EA-B54B-872877C67624} = {F2B21519-969F-4617-945E-E844D388EA39}
		{34C7FD5E-08F0-4877-BE74-7F789014BFBA} = {F2B21519-969F-4617-945E-E844D388EA39}
		{F2B21519-969F-4617-945E-E844D388EA39} = {2B4CF502-82CB-4549-829B-D801DE362C07}
		{373DBE4B-55E5-4319-8A2C-7B296EACC940} = {A8C03BEC-74DB-43F5-A472-312CE07CBD04}
		{A8C03BEC-74DB-43F5-A472-312CE07CBD04} = {E79AD21A-D02F-46BE-8BA3-CB201E7161C5}
		{72B0EA95-43F9-4580-BA2E-10045D61E676} = {A8C03BEC-74DB-43F5-A472-312CE07CBD04}
		{087F9AB0-2BB7-4131-A0AD-FB37EF232748} = {2B4CF502-82CB-4549-829B-D801DE362C07}
		{F65F8DCE-F5AA-43EA-BF20-A45E4D2AE3F9} = {E79AD21A-D02F-46BE-8BA3-CB201E7161C5}
		{59E3B6FE-6B31-4FDA-BE1F-74EBBAC737EF} = {F65F8DCE-F5AA-43EA-BF20-A45E4D2AE3F9}
	EndGlobalSection
EndGlobal
