
Microsoft Visual Studio Solution File, Format Version 12.00
# Visual Studio 14
VisualStudioVersion = 14.0.25420.1
MinimumVisualStudioVersion = 10.0.40219.1
Project("{8BC9CEB8-8B4A-11D0-8D11-00A0C91BC942}") = "Efficio.LeapMotion", "Plugins\Sensors\LeapMotion\Efficio.LeapMotion.vcxproj", "{4397F877-DF00-43CE-8EBE-AF386F3CEFDD}"
EndProject
Project("{8BC9CEB8-8B4A-11D0-8D11-00A0C91BC942}") = "EfficioRuntime", "Runtime\Efficio.Runtime.vcxproj", "{2DB73CD4-AEEA-4DFE-90B2-FFB932D50D3B}"
EndProject
Project("{8BC9CEB8-8B4A-11D0-8D11-00A0C91BC942}") = "Efficio.RealSense", "Plugins\Sensors\RealSense\Efficio.RealSense.vcxproj", "{F52BA6E1-3468-49EA-B54B-872877C67624}"
EndProject
Project("{8BC9CEB8-8B4A-11D0-8D11-00A0C91BC942}") = "Efficio.Kinect", "Plugins\Sensors\Kinect\Efficio.Kinect.vcxproj", "{34C7FD5E-08F0-4877-BE74-7F789014BFBA}"
EndProject
Project("{2150E333-8FDC-42A3-9474-1A3956D46DE8}") = "Sensors", "Sensors", "{F2B21519-969F-4617-945E-E844D388EA39}"
EndProject
Project("{2150E333-8FDC-42A3-9474-1A3956D46DE8}") = "Plugins", "Plugins", "{2B4CF502-82CB-4549-829B-D801DE362C07}"
EndProject
Project("{2150E333-8FDC-42A3-9474-1A3956D46DE8}") = "Integration", "Integration", "{E79AD21A-D02F-46BE-8BA3-CB201E7161C5}"
EndProject
Project("{2150E333-8FDC-42A3-9474-1A3956D46DE8}") = "DotNet", "DotNet", "{A8C03BEC-74DB-43F5-A472-312CE07CBD04}"
EndProject
Project("{2150E333-8FDC-42A3-9474-1A3956D46DE8}") = "Models", "Models", "{087F9AB0-2BB7-4131-A0AD-FB37EF232748}"
EndProject
Project("{2150E333-8FDC-42A3-9474-1A3956D46DE8}") = "Unity", "Unity", "{F65F8DCE-F5AA-43EA-BF20-A45E4D2AE3F9}"
EndProject
Project("{8BC9CEB8-8B4A-11D0-8D11-00A0C91BC942}") = "Efficio.GearVR", "Plugins\Sensors\GearVR\GearVR.vcxproj", "{592A1D02-8B91-4940-ACB1-50F11EDE6015}"
EndProject
Project("{2150E333-8FDC-42A3-9474-1A3956D46DE8}") = "Android", "Android", "{F1EF5C49-1B6A-4FC3-A667-B0C91AA70824}"
EndProject
Project("{8BC9CEB8-8B4A-11D0-8D11-00A0C91BC942}") = "Core", "Core\Core.vcxitems", "{45D41ACC-2C3C-43D2-BC10-02AA73FFC7C7}"
EndProject
Project("{2150E333-8FDC-42A3-9474-1A3956D46DE8}") = "Win", "Win", "{48193C77-F710-4CF1-8BB2-4E6A5179CDE8}"
EndProject
Project("{FAE04EC0-301F-11D3-BF4B-00C04F79EFBC}") = "Efficio.Net", "Integration\DotNet\Efficio.Net.csproj", "{373DBE4B-55E5-4319-8A2C-7B296EACC940}"
EndProject
Project("{FAE04EC0-301F-11D3-BF4B-00C04F79EFBC}") = "Efficio.Unity", "Integration\Unity\Efficio.Unity.csproj", "{59E3B6FE-6B31-4FDA-BE1F-74EBBAC737EF}"
EndProject
Project("{8BC9CEB8-8B4A-11D0-8D11-00A0C91BC942}") = "EfficioWin", "Integration\Win\EfficioWin.vcxproj", "{13DF07F0-38C7-4F22-BF81-7711E9157BFB}"
EndProject
Project("{8BC9CEB8-8B4A-11D0-8D11-00A0C91BC942}") = "EfficioAndroid", "Integration\Android\EfficioRuntime.vcxproj", "{C2B95D5E-DDAF-4DFE-9391-F24C9C46BD41}"
EndProject
Global
	GlobalSection(SharedMSBuildProjectFiles) = preSolution
		Core\Core.vcxitems*{13df07f0-38c7-4f22-bf81-7711e9157bfb}*SharedItemsImports = 4
		Core\Core.vcxitems*{45d41acc-2c3c-43d2-bc10-02aa73ffc7c7}*SharedItemsImports = 9
		Core\Core.vcxitems*{c2b95d5e-ddaf-4dfe-9391-f24c9c46bd41}*SharedItemsImports = 4
	EndGlobalSection
	GlobalSection(SolutionConfigurationPlatforms) = preSolution
		Debug|x64 = Debug|x64
		Debug|x86 = Debug|x86
		Release|x64 = Release|x64
		Release|x86 = Release|x86
	EndGlobalSection
	GlobalSection(ProjectConfigurationPlatforms) = postSolution
		{4397F877-DF00-43CE-8EBE-AF386F3CEFDD}.Debug|x64.ActiveCfg = Debug|x64
		{4397F877-DF00-43CE-8EBE-AF386F3CEFDD}.Debug|x64.Build.0 = Debug|x64
		{4397F877-DF00-43CE-8EBE-AF386F3CEFDD}.Debug|x86.ActiveCfg = Debug|Win32
		{4397F877-DF00-43CE-8EBE-AF386F3CEFDD}.Debug|x86.Build.0 = Debug|Win32
		{4397F877-DF00-43CE-8EBE-AF386F3CEFDD}.Release|x64.ActiveCfg = Release|x64
		{4397F877-DF00-43CE-8EBE-AF386F3CEFDD}.Release|x64.Build.0 = Release|x64
		{4397F877-DF00-43CE-8EBE-AF386F3CEFDD}.Release|x86.ActiveCfg = Release|Win32
		{4397F877-DF00-43CE-8EBE-AF386F3CEFDD}.Release|x86.Build.0 = Release|Win32
		{2DB73CD4-AEEA-4DFE-90B2-FFB932D50D3B}.Debug|x64.ActiveCfg = Debug|x64
		{2DB73CD4-AEEA-4DFE-90B2-FFB932D50D3B}.Debug|x64.Build.0 = Debug|x64
		{2DB73CD4-AEEA-4DFE-90B2-FFB932D50D3B}.Debug|x86.ActiveCfg = Debug|Win32
		{2DB73CD4-AEEA-4DFE-90B2-FFB932D50D3B}.Debug|x86.Build.0 = Debug|Win32
		{2DB73CD4-AEEA-4DFE-90B2-FFB932D50D3B}.Release|x64.ActiveCfg = Release|x64
		{2DB73CD4-AEEA-4DFE-90B2-FFB932D50D3B}.Release|x64.Build.0 = Release|x64
		{2DB73CD4-AEEA-4DFE-90B2-FFB932D50D3B}.Release|x86.ActiveCfg = Release|Win32
		{2DB73CD4-AEEA-4DFE-90B2-FFB932D50D3B}.Release|x86.Build.0 = Release|Win32
		{F52BA6E1-3468-49EA-B54B-872877C67624}.Debug|x64.ActiveCfg = Debug|x64
		{F52BA6E1-3468-49EA-B54B-872877C67624}.Debug|x64.Build.0 = Debug|x64
		{F52BA6E1-3468-49EA-B54B-872877C67624}.Debug|x86.ActiveCfg = Debug|Win32
		{F52BA6E1-3468-49EA-B54B-872877C67624}.Debug|x86.Build.0 = Debug|Win32
		{F52BA6E1-3468-49EA-B54B-872877C67624}.Release|x64.ActiveCfg = Release|x64
		{F52BA6E1-3468-49EA-B54B-872877C67624}.Release|x64.Build.0 = Release|x64
		{F52BA6E1-3468-49EA-B54B-872877C67624}.Release|x86.ActiveCfg = Release|Win32
		{F52BA6E1-3468-49EA-B54B-872877C67624}.Release|x86.Build.0 = Release|Win32
		{34C7FD5E-08F0-4877-BE74-7F789014BFBA}.Debug|x64.ActiveCfg = Debug|x64
		{34C7FD5E-08F0-4877-BE74-7F789014BFBA}.Debug|x64.Build.0 = Debug|x64
		{34C7FD5E-08F0-4877-BE74-7F789014BFBA}.Debug|x86.ActiveCfg = Debug|Win32
		{34C7FD5E-08F0-4877-BE74-7F789014BFBA}.Debug|x86.Build.0 = Debug|Win32
		{34C7FD5E-08F0-4877-BE74-7F789014BFBA}.Release|x64.ActiveCfg = Release|x64
		{34C7FD5E-08F0-4877-BE74-7F789014BFBA}.Release|x64.Build.0 = Release|x64
		{34C7FD5E-08F0-4877-BE74-7F789014BFBA}.Release|x86.ActiveCfg = Release|Win32
		{34C7FD5E-08F0-4877-BE74-7F789014BFBA}.Release|x86.Build.0 = Release|Win32
		{592A1D02-8B91-4940-ACB1-50F11EDE6015}.Debug|x64.ActiveCfg = Debug|x64
		{592A1D02-8B91-4940-ACB1-50F11EDE6015}.Debug|x64.Build.0 = Debug|x64
		{592A1D02-8B91-4940-ACB1-50F11EDE6015}.Debug|x86.ActiveCfg = Debug|Win32
		{592A1D02-8B91-4940-ACB1-50F11EDE6015}.Debug|x86.Build.0 = Debug|Win32
		{592A1D02-8B91-4940-ACB1-50F11EDE6015}.Release|x64.ActiveCfg = Release|x64
		{592A1D02-8B91-4940-ACB1-50F11EDE6015}.Release|x64.Build.0 = Release|x64
		{592A1D02-8B91-4940-ACB1-50F11EDE6015}.Release|x86.ActiveCfg = Release|Win32
		{592A1D02-8B91-4940-ACB1-50F11EDE6015}.Release|x86.Build.0 = Release|Win32
		{373DBE4B-55E5-4319-8A2C-7B296EACC940}.Debug|x64.ActiveCfg = Debug|x64
		{373DBE4B-55E5-4319-8A2C-7B296EACC940}.Debug|x64.Build.0 = Debug|x64
		{373DBE4B-55E5-4319-8A2C-7B296EACC940}.Debug|x86.ActiveCfg = Debug|Any CPU
		{373DBE4B-55E5-4319-8A2C-7B296EACC940}.Debug|x86.Build.0 = Debug|Any CPU
		{373DBE4B-55E5-4319-8A2C-7B296EACC940}.Release|x64.ActiveCfg = Release|x64
		{373DBE4B-55E5-4319-8A2C-7B296EACC940}.Release|x64.Build.0 = Release|x64
		{373DBE4B-55E5-4319-8A2C-7B296EACC940}.Release|x86.ActiveCfg = Release|Any CPU
		{373DBE4B-55E5-4319-8A2C-7B296EACC940}.Release|x86.Build.0 = Release|Any CPU
		{59E3B6FE-6B31-4FDA-BE1F-74EBBAC737EF}.Debug|x64.ActiveCfg = Debug|Any CPU
		{59E3B6FE-6B31-4FDA-BE1F-74EBBAC737EF}.Debug|x64.Build.0 = Debug|Any CPU
		{59E3B6FE-6B31-4FDA-BE1F-74EBBAC737EF}.Debug|x86.ActiveCfg = Debug|Any CPU
		{59E3B6FE-6B31-4FDA-BE1F-74EBBAC737EF}.Debug|x86.Build.0 = Debug|Any CPU
		{59E3B6FE-6B31-4FDA-BE1F-74EBBAC737EF}.Release|x64.ActiveCfg = Release|Any CPU
		{59E3B6FE-6B31-4FDA-BE1F-74EBBAC737EF}.Release|x64.Build.0 = Release|Any CPU
		{59E3B6FE-6B31-4FDA-BE1F-74EBBAC737EF}.Release|x86.ActiveCfg = Release|Any CPU
		{59E3B6FE-6B31-4FDA-BE1F-74EBBAC737EF}.Release|x86.Build.0 = Release|Any CPU
		{13DF07F0-38C7-4F22-BF81-7711E9157BFB}.Debug|x64.ActiveCfg = Debug|x64
		{13DF07F0-38C7-4F22-BF81-7711E9157BFB}.Debug|x64.Build.0 = Debug|x64
		{13DF07F0-38C7-4F22-BF81-7711E9157BFB}.Debug|x86.ActiveCfg = Debug|Win32
		{13DF07F0-38C7-4F22-BF81-7711E9157BFB}.Debug|x86.Build.0 = Debug|Win32
		{13DF07F0-38C7-4F22-BF81-7711E9157BFB}.Release|x64.ActiveCfg = Release|x64
		{13DF07F0-38C7-4F22-BF81-7711E9157BFB}.Release|x64.Build.0 = Release|x64
		{13DF07F0-38C7-4F22-BF81-7711E9157BFB}.Release|x86.ActiveCfg = Release|Win32
		{13DF07F0-38C7-4F22-BF81-7711E9157BFB}.Release|x86.Build.0 = Release|Win32
		{C2B95D5E-DDAF-4DFE-9391-F24C9C46BD41}.Debug|x64.ActiveCfg = Debug|ARM64
		{C2B95D5E-DDAF-4DFE-9391-F24C9C46BD41}.Debug|x64.Build.0 = Debug|ARM64
		{C2B95D5E-DDAF-4DFE-9391-F24C9C46BD41}.Debug|x86.ActiveCfg = Debug|ARM
		{C2B95D5E-DDAF-4DFE-9391-F24C9C46BD41}.Debug|x86.Build.0 = Debug|ARM
		{C2B95D5E-DDAF-4DFE-9391-F24C9C46BD41}.Release|x64.ActiveCfg = Release|x64
		{C2B95D5E-DDAF-4DFE-9391-F24C9C46BD41}.Release|x64.Build.0 = Release|x64
		{C2B95D5E-DDAF-4DFE-9391-F24C9C46BD41}.Release|x86.ActiveCfg = Release|x86
		{C2B95D5E-DDAF-4DFE-9391-F24C9C46BD41}.Release|x86.Build.0 = Release|x86
	EndGlobalSection
	GlobalSection(SolutionProperties) = preSolution
		HideSolutionNode = FALSE
	EndGlobalSection
	GlobalSection(NestedProjects) = preSolution
		{4397F877-DF00-43CE-8EBE-AF386F3CEFDD} = {F2B21519-969F-4617-945E-E844D388EA39}
		{F52BA6E1-3468-49EA-B54B-872877C67624} = {F2B21519-969F-4617-945E-E844D388EA39}
		{34C7FD5E-08F0-4877-BE74-7F789014BFBA} = {F2B21519-969F-4617-945E-E844D388EA39}
		{F2B21519-969F-4617-945E-E844D388EA39} = {2B4CF502-82CB-4549-829B-D801DE362C07}
		{A8C03BEC-74DB-43F5-A472-312CE07CBD04} = {E79AD21A-D02F-46BE-8BA3-CB201E7161C5}
		{087F9AB0-2BB7-4131-A0AD-FB37EF232748} = {2B4CF502-82CB-4549-829B-D801DE362C07}
		{F65F8DCE-F5AA-43EA-BF20-A45E4D2AE3F9} = {E79AD21A-D02F-46BE-8BA3-CB201E7161C5}
		{592A1D02-8B91-4940-ACB1-50F11EDE6015} = {F2B21519-969F-4617-945E-E844D388EA39}
		{F1EF5C49-1B6A-4FC3-A667-B0C91AA70824} = {E79AD21A-D02F-46BE-8BA3-CB201E7161C5}
		{48193C77-F710-4CF1-8BB2-4E6A5179CDE8} = {E79AD21A-D02F-46BE-8BA3-CB201E7161C5}
		{373DBE4B-55E5-4319-8A2C-7B296EACC940} = {A8C03BEC-74DB-43F5-A472-312CE07CBD04}
		{59E3B6FE-6B31-4FDA-BE1F-74EBBAC737EF} = {F65F8DCE-F5AA-43EA-BF20-A45E4D2AE3F9}
		{13DF07F0-38C7-4F22-BF81-7711E9157BFB} = {48193C77-F710-4CF1-8BB2-4E6A5179CDE8}
		{C2B95D5E-DDAF-4DFE-9391-F24C9C46BD41} = {F1EF5C49-1B6A-4FC3-A667-B0C91AA70824}
	EndGlobalSection
EndGlobal
