<?xml version="1.0" encoding="utf-8"?>
<Project ToolsVersion="4.0" xmlns="http://schemas.microsoft.com/developer/msbuild/2003">
  <ItemGroup>
    <Filter Include="Source Files">
      <UniqueIdentifier>{4FC737F1-C7A5-4376-A066-2A32D752A2FF}</UniqueIdentifier>
      <Extensions>cpp;c;cc;cxx;def;odl;idl;hpj;bat;asm;asmx</Extensions>
    </Filter>
    <Filter Include="Header Files">
      <UniqueIdentifier>{93995380-89BD-4b04-88EB-625FBE52EBFB}</UniqueIdentifier>
      <Extensions>h;hh;hpp;hxx;hm;inl;inc;xsd</Extensions>
    </Filter>
    <Filter Include="Resource Files">
      <UniqueIdentifier>{67DA6AB6-F800-4c08-8B7A-83BB121AAD01}</UniqueIdentifier>
      <Extensions>rc;ico;cur;bmp;dlg;rc2;rct;bin;rgs;gif;jpg;jpeg;jpe;resx;tiff;tif;png;wav;mfcribbon-ms</Extensions>
    </Filter>
    <Filter Include="Header Files\Configuration">
      <UniqueIdentifier>{bb9915c1-179f-4c14-8313-a3074e99e722}</UniqueIdentifier>
    </Filter>
    <Filter Include="Header Files\Events">
      <UniqueIdentifier>{d241b3f1-7deb-4193-b455-ecee96c508e9}</UniqueIdentifier>
    </Filter>
    <Filter Include="Header Files\IRP">
      <UniqueIdentifier>{e17f951b-865b-4853-9ba3-321a60f8a977}</UniqueIdentifier>
    </Filter>
    <Filter Include="Header Files\IRP\Human">
      <UniqueIdentifier>{9756081e-bd22-46a0-807e-ab3642cf97b5}</UniqueIdentifier>
    </Filter>
    <Filter Include="Header Files\IRP\Human\Hands">
      <UniqueIdentifier>{905864fb-51b8-4c85-8fa7-586cc1329489}</UniqueIdentifier>
    </Filter>
    <Filter Include="Header Files\Devices">
      <UniqueIdentifier>{8433659b-7c77-4ea5-8798-51768d233db6}</UniqueIdentifier>
    </Filter>
    <Filter Include="Header Files\Models">
      <UniqueIdentifier>{991e613b-ce19-436a-a3d2-e10991e75c21}</UniqueIdentifier>
    </Filter>
    <Filter Include="Header Files\Models\Human">
      <UniqueIdentifier>{f5adc45c-59f8-4e42-abb3-ed05823cbe6d}</UniqueIdentifier>
    </Filter>
    <Filter Include="Header Files\Models\Human\Hand">
      <UniqueIdentifier>{fba21566-5207-4b7f-8896-8deaa3bb01e1}</UniqueIdentifier>
    </Filter>
    <Filter Include="Header Files\Models\Human\Body">
      <UniqueIdentifier>{7b73afce-5317-4cdd-801f-4d3c14ac4bcc}</UniqueIdentifier>
    </Filter>
    <Filter Include="Header Files\Models\Human\Face">
      <UniqueIdentifier>{cb0e6395-97a9-4336-8f04-bae20255fbd9}</UniqueIdentifier>
    </Filter>
    <Filter Include="Header Files\Models\NonHuman">
      <UniqueIdentifier>{1e64473d-be7c-4196-8b8d-592d52d8489b}</UniqueIdentifier>
    </Filter>
    <Filter Include="Header Files\AMI">
      <UniqueIdentifier>{a6230881-f5f9-4dcc-a7eb-3f395960bfbc}</UniqueIdentifier>
    </Filter>
    <Filter Include="Header Files\Sensors">
      <UniqueIdentifier>{e79ddb59-4313-4d6b-b0b0-e17adf607305}</UniqueIdentifier>
    </Filter>
    <Filter Include="Header Files\Data">
      <UniqueIdentifier>{b44ffbcc-6bbd-4b17-bf5d-e17da26bd800}</UniqueIdentifier>
    </Filter>
    <Filter Include="Header Files\Data\Audio">
      <UniqueIdentifier>{487b57e9-aba1-4b2b-a36c-292c2f3cb04d}</UniqueIdentifier>
    </Filter>
    <Filter Include="Header Files\Data\Positional">
      <UniqueIdentifier>{829294f6-9efe-471b-85e8-04a648a3ab64}</UniqueIdentifier>
    </Filter>
    <Filter Include="Header Files\Data\Video">
      <UniqueIdentifier>{e5d4f468-645a-4580-87e3-b644de01ff77}</UniqueIdentifier>
    </Filter>
  </ItemGroup>
  <ItemGroup>
    <ClCompile Include="DeviceConfiguration.cpp">
      <Filter>Source Files</Filter>
    </ClCompile>
    <ClCompile Include="EfficioFrame.cpp">
      <Filter>Source Files</Filter>
    </ClCompile>
    <ClCompile Include="Engine.cpp">
      <Filter>Source Files</Filter>
    </ClCompile>
    <ClCompile Include="Event.cpp">
      <Filter>Source Files</Filter>
    </ClCompile>
    <ClCompile Include="LeapConfiguration.cpp">
      <Filter>Source Files</Filter>
    </ClCompile>
    <ClCompile Include="MainPage.cpp">
      <Filter>Source Files</Filter>
    </ClCompile>
    <ClCompile Include="Vector3.cpp">
      <Filter>Source Files</Filter>
    </ClCompile>
    <ClCompile Include="Frame.cpp">
      <Filter>Source Files</Filter>
    </ClCompile>
    <ClCompile Include="Gesture.cpp">
      <Filter>Source Files</Filter>
    </ClCompile>
    <ClCompile Include="DiscreteGesture.cpp">
      <Filter>Source Files</Filter>
    </ClCompile>
    <ClCompile Include="ContinuousGesture.cpp">
      <Filter>Source Files</Filter>
    </ClCompile>
    <ClCompile Include="Pinch.cpp">
      <Filter>Source Files</Filter>
    </ClCompile>
    <ClCompile Include="PinchDetector.cpp">
      <Filter>Source Files</Filter>
    </ClCompile>
    <ClCompile Include="HistoricalFrameCollection.cpp">
      <Filter>Source Files</Filter>
    </ClCompile>
    <ClCompile Include="RuntimeCSharp_wrap.cxx">
      <Filter>Source Files</Filter>
    </ClCompile>
    <ClCompile Include="Device.cpp">
      <Filter>Source Files</Filter>
    </ClCompile>
    <ClCompile Include="LeapMotionDevice.cpp">
      <Filter>Source Files</Filter>
    </ClCompile>
    <ClCompile Include="DeviceManager.cpp">
      <Filter>Source Files</Filter>
    </ClCompile>
    <ClCompile Include="Hand.cpp">
      <Filter>Source Files</Filter>
    </ClCompile>
    <ClCompile Include="Joint.cpp">
      <Filter>Source Files</Filter>
    </ClCompile>
    <ClCompile Include="Finger.cpp">
      <Filter>Source Files</Filter>
    </ClCompile>
    <ClCompile Include="HandData.cpp">
      <Filter>Source Files</Filter>
    </ClCompile>
    <ClCompile Include="Location.cpp">
      <Filter>Source Files</Filter>
    </ClCompile>
    <ClCompile Include="SingleHandGesture.cpp">
      <Filter>Source Files</Filter>
    </ClCompile>
    <ClCompile Include="Sensor.cpp">
      <Filter>Source Files</Filter>
    </ClCompile>
    <ClCompile Include="AssetManager.cpp">
      <Filter>Source Files</Filter>
    </ClCompile>
    <ClCompile Include="Drone.cpp">
      <Filter>Source Files</Filter>
    </ClCompile>
  </ItemGroup>
  <ItemGroup>
    <ClInclude Include="EfficioFrame.h">
      <Filter>Header Files</Filter>
    </ClInclude>
    <ClInclude Include="Engine.h">
      <Filter>Header Files</Filter>
    </ClInclude>
    <ClInclude Include="Enumerations.h">
      <Filter>Header Files</Filter>
    </ClInclude>
    <ClInclude Include="Vector3.h">
      <Filter>Header Files</Filter>
    </ClInclude>
    <ClInclude Include="DeviceConfiguration.h">
      <Filter>Header Files\Configuration</Filter>
    </ClInclude>
    <ClInclude Include="LeapConfiguration.h">
      <Filter>Header Files\Configuration</Filter>
    </ClInclude>
    <ClInclude Include="Event.h">
      <Filter>Header Files\Events</Filter>
    </ClInclude>
    <ClInclude Include="Frame.h">
      <Filter>Header Files</Filter>
    </ClInclude>
    <ClInclude Include="Gesture.h">
      <Filter>Header Files\IRP</Filter>
    </ClInclude>
    <ClInclude Include="DiscreteGesture.h">
      <Filter>Header Files\IRP</Filter>
    </ClInclude>
    <ClInclude Include="ContinuousGesture.h">
      <Filter>Header Files\IRP</Filter>
    </ClInclude>
    <ClInclude Include="Pinch.h">
      <Filter>Header Files\IRP\Human\Hands</Filter>
    </ClInclude>
    <ClInclude Include="PinchDetector.h">
      <Filter>Header Files\IRP\Human\Hands</Filter>
    </ClInclude>
    <ClInclude Include="SingleHandGestureDetector.h">
      <Filter>Header Files\IRP\Human\Hands</Filter>
    </ClInclude>
    <ClInclude Include="HistoricalFrameCollection.h">
      <Filter>Header Files</Filter>
    </ClInclude>
    <ClInclude Include="EventType.h">
      <Filter>Header Files\Events</Filter>
    </ClInclude>
    <ClInclude Include="Device.h">
      <Filter>Header Files\Devices</Filter>
    </ClInclude>
    <ClInclude Include="DeviceStatus.h">
      <Filter>Header Files\Devices</Filter>
    </ClInclude>
    <ClInclude Include="TrackingType.h">
      <Filter>Header Files\Devices</Filter>
    </ClInclude>
    <ClInclude Include="LeapMotionDevice.h">
      <Filter>Header Files\Devices</Filter>
    </ClInclude>
    <ClInclude Include="DeviceManager.h">
      <Filter>Header Files\Devices</Filter>
    </ClInclude>
    <ClInclude Include="HandData.h">
      <Filter>Header Files</Filter>
    </ClInclude>
    <ClInclude Include="Altitude.h">
      <Filter>Header Files\Data\Positional</Filter>
    </ClInclude>
    <ClInclude Include="Finger.h">
      <Filter>Header Files\Models\Human\Hand</Filter>
    </ClInclude>
    <ClInclude Include="Hand.h">
      <Filter>Header Files\Models\Human\Hand</Filter>
    </ClInclude>
    <ClInclude Include="Joint.h">
      <Filter>Header Files\Models\Human\Hand</Filter>
    </ClInclude>
    <ClInclude Include="SingleHandGesture.h">
      <Filter>Header Files\IRP\Human\Hands</Filter>
    </ClInclude>
    <ClInclude Include="Location.h">
      <Filter>Header Files\Data\Positional</Filter>
    </ClInclude>
    <ClInclude Include="LocationSensor.h">
      <Filter>Header Files\Sensors</Filter>
    </ClInclude>
    <ClInclude Include="Sensor.h">
      <Filter>Header Files\Sensors</Filter>
    </ClInclude>
    <ClInclude Include="Altimeter.h">
      <Filter>Header Files\Sensors</Filter>
    </ClInclude>
    <ClInclude Include="AssetManager.h">
      <Filter>Header Files\AMI</Filter>
    </ClInclude>
    <ClInclude Include="Asset.h">
      <Filter>Header Files\AMI</Filter>
    </ClInclude>
    <ClInclude Include="Drone.h">
      <Filter>Header Files\Models\NonHuman</Filter>
    </ClInclude>
    <ClInclude Include="Datum.h">
      <Filter>Header Files\Data</Filter>
    </ClInclude>
    <ClInclude Include="DatumType.h">
      <Filter>Header Files\Data</Filter>
    </ClInclude>
    <ClInclude Include="SampleAltimeter.h">
      <Filter>Header Files\Sensors</Filter>
    </ClInclude>
    <ClInclude Include="SampleGPS.h">
      <Filter>Header Files\Sensors</Filter>
    </ClInclude>
  </ItemGroup>
  <ItemGroup>
    <None Include="RuntimeCSharp.i" />
    <None Include="RuntimeJava.i" />
    <None Include="README.md" />
    <None Include="Efficio.i" />
  </ItemGroup>
</Project>