<?xml version="1.0" encoding="utf-8"?>
<Project ToolsVersion="4.0" xmlns="http://schemas.microsoft.com/developer/msbuild/2003">
  <ItemGroup>
    <Filter Include="Source Files">
      <UniqueIdentifier>{4FC737F1-C7A5-4376-A066-2A32D752A2FF}</UniqueIdentifier>
      <Extensions>cpp;c;cc;cxx;def;odl;idl;hpj;bat;asm;asmx</Extensions>
    </Filter>
    <Filter Include="Header Files">
      <UniqueIdentifier>{93995380-89BD-4b04-88EB-625FBE52EBFB}</UniqueIdentifier>
      <Extensions>h;hh;hpp;hxx;hm;inl;inc;xsd</Extensions>
    </Filter>
    <Filter Include="Resource Files">
      <UniqueIdentifier>{67DA6AB6-F800-4c08-8B7A-83BB121AAD01}</UniqueIdentifier>
      <Extensions>rc;ico;cur;bmp;dlg;rc2;rct;bin;rgs;gif;jpg;jpeg;jpe;resx;tiff;tif;png;wav;mfcribbon-ms</Extensions>
    </Filter>
    <Filter Include="Header Files\Configuration">
      <UniqueIdentifier>{bb9915c1-179f-4c14-8313-a3074e99e722}</UniqueIdentifier>
    </Filter>
    <Filter Include="Header Files\Events">
      <UniqueIdentifier>{d241b3f1-7deb-4193-b455-ecee96c508e9}</UniqueIdentifier>
    </Filter>
    <Filter Include="Header Files\Events\IRP">
      <UniqueIdentifier>{e17f951b-865b-4853-9ba3-321a60f8a977}</UniqueIdentifier>
    </Filter>
    <Filter Include="Header Files\Models">
      <UniqueIdentifier>{8563c7e0-401b-4f63-84d9-6da6b824a912}</UniqueIdentifier>
    </Filter>
    <Filter Include="Header Files\Models\Body">
      <UniqueIdentifier>{71f84eed-6c1f-4890-b9dd-e027a885f14a}</UniqueIdentifier>
    </Filter>
    <Filter Include="Header Files\Models\Body\Hand">
      <UniqueIdentifier>{4f1672e3-02bd-45c9-b0e4-77e6552fb579}</UniqueIdentifier>
    </Filter>
    <Filter Include="Header Files\Data">
      <UniqueIdentifier>{0e5fe9dc-cb54-4b35-9077-1c21073bf85d}</UniqueIdentifier>
    </Filter>
    <Filter Include="Header Files\Sensors">
      <UniqueIdentifier>{0dde1663-3fc6-42dd-a794-c4862c17774c}</UniqueIdentifier>
    </Filter>
    <Filter Include="Header Files\Data\Positional">
      <UniqueIdentifier>{a7d70a7d-948e-4131-8a98-b18ef3579352}</UniqueIdentifier>
    </Filter>
    <Filter Include="Header Files\Models\Body\Face">
      <UniqueIdentifier>{52163919-0af7-45ed-9f35-b67fb2218279}</UniqueIdentifier>
    </Filter>
    <Filter Include="Header Files\Sensors\Body">
      <UniqueIdentifier>{4ca33899-d9ce-4d8e-8977-ba1e59b54edb}</UniqueIdentifier>
    </Filter>
    <Filter Include="Header Files\Data\Body">
      <UniqueIdentifier>{a3690739-1894-4a6c-9994-b910331f896b}</UniqueIdentifier>
    </Filter>
    <Filter Include="Header Files\Assets">
      <UniqueIdentifier>{be089a2a-29f9-4918-bb7b-49effbf48ff2}</UniqueIdentifier>
    </Filter>
    <Filter Include="Header Files\Assets\Body">
      <UniqueIdentifier>{64e66477-fff0-4b37-a589-efbed01f9319}</UniqueIdentifier>
    </Filter>
    <Filter Include="Header Files\Events\Internal">
      <UniqueIdentifier>{2f535cde-6f2a-4930-9a04-956f72286660}</UniqueIdentifier>
    </Filter>
    <Filter Include="Header Files\IRP">
      <UniqueIdentifier>{125b19a8-4227-45b1-83ad-a45716dfee88}</UniqueIdentifier>
    </Filter>
    <Filter Include="Header Files\IRP\Body">
      <UniqueIdentifier>{a4b3e1c6-0330-400b-9222-d7240b856740}</UniqueIdentifier>
    </Filter>
    <Filter Include="Header Files\Events\IRP\Body">
      <UniqueIdentifier>{9756081e-bd22-46a0-807e-ab3642cf97b5}</UniqueIdentifier>
    </Filter>
    <Filter Include="Header Files\Events\IRP\Body\Hands">
      <UniqueIdentifier>{905864fb-51b8-4c85-8fa7-586cc1329489}</UniqueIdentifier>
    </Filter>
  </ItemGroup>
  <ItemGroup>
    <ClCompile Include="DeviceConfiguration.cpp">
      <Filter>Source Files</Filter>
    </ClCompile>
    <ClCompile Include="Engine.cpp">
      <Filter>Source Files</Filter>
    </ClCompile>
    <ClCompile Include="Event.cpp">
      <Filter>Source Files</Filter>
    </ClCompile>
    <ClCompile Include="LeapConfiguration.cpp">
      <Filter>Source Files</Filter>
    </ClCompile>
    <ClCompile Include="MainPage.cpp">
      <Filter>Source Files</Filter>
    </ClCompile>
    <ClCompile Include="Vector3.cpp">
      <Filter>Source Files</Filter>
    </ClCompile>
    <ClCompile Include="Frame.cpp">
      <Filter>Source Files</Filter>
    </ClCompile>
    <ClCompile Include="Gesture.cpp">
      <Filter>Source Files</Filter>
    </ClCompile>
    <ClCompile Include="DiscreteGesture.cpp">
      <Filter>Source Files</Filter>
    </ClCompile>
    <ClCompile Include="ContinuousGesture.cpp">
      <Filter>Source Files</Filter>
    </ClCompile>
    <ClCompile Include="SingleHandGesture.cpp">
      <Filter>Source Files</Filter>
    </ClCompile>
    <ClCompile Include="Pinch.cpp">
      <Filter>Source Files</Filter>
    </ClCompile>
    <ClCompile Include="HistoricalFrameCollection.cpp">
      <Filter>Source Files</Filter>
    </ClCompile>
    <ClCompile Include="RuntimeCSharp_wrap.cxx">
      <Filter>Source Files</Filter>
    </ClCompile>
    <ClCompile Include="Finger.cpp">
      <Filter>Source Files</Filter>
    </ClCompile>
    <ClCompile Include="Hand.cpp">
      <Filter>Source Files</Filter>
    </ClCompile>
    <ClCompile Include="Joint.cpp">
      <Filter>Source Files</Filter>
    </ClCompile>
    <ClCompile Include="AssetManager.cpp">
      <Filter>Source Files</Filter>
    </ClCompile>
    <ClCompile Include="Drone.cpp">
      <Filter>Source Files</Filter>
    </ClCompile>
    <ClCompile Include="LeapMotionDevice.cpp">
      <Filter>Source Files</Filter>
    </ClCompile>
    <ClCompile Include="Location.cpp">
      <Filter>Source Files</Filter>
    </ClCompile>
    <ClCompile Include="Sensor.cpp">
      <Filter>Source Files</Filter>
    </ClCompile>
    <ClCompile Include="Device.cpp">
      <Filter>Source Files</Filter>
    </ClCompile>
    <ClCompile Include="DeviceManager.cpp">
      <Filter>Source Files</Filter>
    </ClCompile>
    <ClCompile Include="SkeletalData.cpp">
      <Filter>Source Files</Filter>
    </ClCompile>
    <ClCompile Include="Body.cpp">
      <Filter>Source Files</Filter>
    </ClCompile>
    <ClCompile Include="LeapMotion.cpp">
      <Filter>Source Files</Filter>
    </ClCompile>
    <ClCompile Include="SampleAltimeter.cpp">
      <Filter>Source Files</Filter>
    </ClCompile>
    <ClCompile Include="SampleGPS.cpp">
      <Filter>Source Files</Filter>
    </ClCompile>
    <ClCompile Include="HandData.cpp">
      <Filter>Source Files</Filter>
    </ClCompile>
    <ClCompile Include="RecognitionProcessor.cpp">
      <Filter>Source Files</Filter>
    </ClCompile>
    <ClCompile Include="HandRecognitionProcessor.cpp">
      <Filter>Source Files</Filter>
    </ClCompile>
    <ClCompile Include="InputRecognitionEngine.cpp">
      <Filter>Source Files</Filter>
    </ClCompile>
    <ClCompile Include="OnStart.cpp">
      <Filter>Source Files</Filter>
    </ClCompile>
    <ClCompile Include="PinchDetector.cpp">
      <Filter>Source Files</Filter>
    </ClCompile>
  </ItemGroup>
  <ItemGroup>
    <ClInclude Include="Engine.h">
      <Filter>Header Files</Filter>
    </ClInclude>
    <ClInclude Include="Enumerations.h">
      <Filter>Header Files</Filter>
    </ClInclude>
    <ClInclude Include="Vector3.h">
      <Filter>Header Files</Filter>
    </ClInclude>
    <ClInclude Include="DeviceConfiguration.h">
      <Filter>Header Files\Configuration</Filter>
    </ClInclude>
    <ClInclude Include="LeapConfiguration.h">
      <Filter>Header Files\Configuration</Filter>
    </ClInclude>
    <ClInclude Include="Event.h">
      <Filter>Header Files\Events</Filter>
    </ClInclude>
    <ClInclude Include="Frame.h">
      <Filter>Header Files</Filter>
    </ClInclude>
    <ClInclude Include="Gesture.h">
      <Filter>Header Files\Events\IRP</Filter>
    </ClInclude>
    <ClInclude Include="DiscreteGesture.h">
      <Filter>Header Files\Events\IRP</Filter>
    </ClInclude>
    <ClInclude Include="ContinuousGesture.h">
      <Filter>Header Files\Events\IRP</Filter>
    </ClInclude>
    <ClInclude Include="Pinch.h">
      <Filter>Header Files\Events\IRP\Body\Hands</Filter>
    </ClInclude>
    <ClInclude Include="SingleHandGestureDetector.h">
      <Filter>Header Files\Events\IRP\Body\Hands</Filter>
    </ClInclude>
    <ClInclude Include="HistoricalFrameCollection.h">
      <Filter>Header Files</Filter>
    </ClInclude>
    <ClInclude Include="EventType.h">
      <Filter>Header Files\Events</Filter>
    </ClInclude>
    <ClInclude Include="SkeletalData.h">
      <Filter>Header Files</Filter>
    </ClInclude>
    <ClInclude Include="Joint.h">
      <Filter>Header Files\Models\Body</Filter>
    </ClInclude>
    <ClInclude Include="Finger.h">
      <Filter>Header Files\Models\Body\Hand</Filter>
    </ClInclude>
    <ClInclude Include="Hand.h">
      <Filter>Header Files\Models\Body\Hand</Filter>
    </ClInclude>
    <ClInclude Include="SingleHandGesture.h">
      <Filter>Header Files\Events\IRP\Body</Filter>
    </ClInclude>
    <ClInclude Include="JointType.h">
      <Filter>Header Files\Models\Body</Filter>
    </ClInclude>
    <ClInclude Include="BodySide.h">
      <Filter>Header Files\Models\Body</Filter>
    </ClInclude>
    <ClInclude Include="FingerType.h">
      <Filter>Header Files\Models\Body\Hand</Filter>
    </ClInclude>
    <ClInclude Include="Asset.h">
      <Filter>Header Files</Filter>
    </ClInclude>
    <ClInclude Include="AssetManager.h">
      <Filter>Header Files</Filter>
    </ClInclude>
    <ClInclude Include="Device.h">
      <Filter>Header Files</Filter>
    </ClInclude>
    <ClInclude Include="LeapMotionDevice.h">
      <Filter>Header Files</Filter>
    </ClInclude>
    <ClInclude Include="DeviceManager.h">
      <Filter>Header Files</Filter>
    </ClInclude>
    <ClInclude Include="DeviceStatus.h">
      <Filter>Header Files</Filter>
    </ClInclude>
    <ClInclude Include="TrackingType.h">
      <Filter>Header Files</Filter>
    </ClInclude>
    <ClInclude Include="Data.h">
      <Filter>Header Files\Data</Filter>
    </ClInclude>
    <ClInclude Include="DataType.h">
      <Filter>Header Files\Data</Filter>
    </ClInclude>
    <ClInclude Include="Drone.h">
      <Filter>Header Files\Models</Filter>
    </ClInclude>
    <ClInclude Include="LocationSensor.h">
      <Filter>Header Files\Sensors</Filter>
    </ClInclude>
    <ClInclude Include="SampleAltimeter.h">
      <Filter>Header Files\Sensors</Filter>
    </ClInclude>
    <ClInclude Include="SampleGPS.h">
      <Filter>Header Files\Sensors</Filter>
    </ClInclude>
    <ClInclude Include="Sensor.h">
      <Filter>Header Files\Sensors</Filter>
    </ClInclude>
    <ClInclude Include="Altimeter.h">
      <Filter>Header Files\Sensors</Filter>
    </ClInclude>
    <ClInclude Include="Location.h">
      <Filter>Header Files\Data\Positional</Filter>
    </ClInclude>
    <ClInclude Include="Altitude.h">
      <Filter>Header Files\Data\Positional</Filter>
    </ClInclude>
    <ClInclude Include="Body.h">
      <Filter>Header Files\Models\Body</Filter>
    </ClInclude>
    <ClInclude Include="Arm.h">
      <Filter>Header Files\Models\Body</Filter>
    </ClInclude>
    <ClInclude Include="Leg.h">
      <Filter>Header Files\Models\Body</Filter>
    </ClInclude>
    <ClInclude Include="Head.h">
      <Filter>Header Files\Models\Body</Filter>
    </ClInclude>
    <ClInclude Include="Face.h">
      <Filter>Header Files\Models\Body\Face</Filter>
    </ClInclude>
    <ClInclude Include="Bone.h">
      <Filter>Header Files\Models\Body</Filter>
    </ClInclude>
    <ClInclude Include="BoneTypes.h">
      <Filter>Header Files\Models\Body</Filter>
    </ClInclude>
    <ClInclude Include="Documentation.h">
      <Filter>Resource Files</Filter>
    </ClInclude>
    <ClInclude Include="LeapMotion.h">
      <Filter>Header Files\Sensors\Body</Filter>
    </ClInclude>
    <ClInclude Include="HandData.h">
      <Filter>Header Files\Data\Body</Filter>
    </ClInclude>
    <ClInclude Include="OnStart.h">
      <Filter>Header Files\Events\Internal</Filter>
    </ClInclude>
    <ClInclude Include="RecognitionProcessor.h">
      <Filter>Header Files\IRP</Filter>
    </ClInclude>
    <ClInclude Include="HandRecognitionProcessor.h">
      <Filter>Header Files\IRP\Body</Filter>
    </ClInclude>
    <ClInclude Include="InputRecognitionEngine.h">
      <Filter>Header Files\IRP</Filter>
    </ClInclude>
    <ClInclude Include="PinchDetector.h">
      <Filter>Header Files\Events\IRP\Body\Hands</Filter>
    </ClInclude>
  </ItemGroup>
  <ItemGroup>
    <None Include="RuntimeCSharp.i" />
    <None Include="RuntimeJava.i" />
    <None Include="README.md" />
    <None Include="Efficio.i" />
  </ItemGroup>
</Project>