<?xml version="1.0" encoding="utf-8"?>
<Project ToolsVersion="4.0" xmlns="http://schemas.microsoft.com/developer/msbuild/2003">
  <ItemGroup>
    <Filter Include="Source Files">
      <UniqueIdentifier>{4FC737F1-C7A5-4376-A066-2A32D752A2FF}</UniqueIdentifier>
      <Extensions>cpp;c;cc;cxx;def;odl;idl;hpj;bat;asm;asmx</Extensions>
    </Filter>
    <Filter Include="Header Files">
      <UniqueIdentifier>{93995380-89BD-4b04-88EB-625FBE52EBFB}</UniqueIdentifier>
      <Extensions>h;hh;hpp;hxx;hm;inl;inc;xsd</Extensions>
    </Filter>
    <Filter Include="Resource Files">
      <UniqueIdentifier>{67DA6AB6-F800-4c08-8B7A-83BB121AAD01}</UniqueIdentifier>
      <Extensions>rc;ico;cur;bmp;dlg;rc2;rct;bin;rgs;gif;jpg;jpeg;jpe;resx;tiff;tif;png;wav;mfcribbon-ms</Extensions>
    </Filter>
    <Filter Include="Header Files\Configuration">
      <UniqueIdentifier>{bb9915c1-179f-4c14-8313-a3074e99e722}</UniqueIdentifier>
    </Filter>
    <Filter Include="Header Files\Events">
      <UniqueIdentifier>{d241b3f1-7deb-4193-b455-ecee96c508e9}</UniqueIdentifier>
    </Filter>
    <Filter Include="Header Files\Events\IRP">
      <UniqueIdentifier>{e17f951b-865b-4853-9ba3-321a60f8a977}</UniqueIdentifier>
    </Filter>
    <Filter Include="Header Files\Events\IRP\Human">
      <UniqueIdentifier>{9756081e-bd22-46a0-807e-ab3642cf97b5}</UniqueIdentifier>
    </Filter>
    <Filter Include="Header Files\Events\IRP\Human\Hands">
      <UniqueIdentifier>{905864fb-51b8-4c85-8fa7-586cc1329489}</UniqueIdentifier>
    </Filter>
    <Filter Include="Header Files\Models">
      <UniqueIdentifier>{8563c7e0-401b-4f63-84d9-6da6b824a912}</UniqueIdentifier>
    </Filter>
    <Filter Include="Header Files\Models\Body">
      <UniqueIdentifier>{71f84eed-6c1f-4890-b9dd-e027a885f14a}</UniqueIdentifier>
    </Filter>
    <Filter Include="Header Files\Models\Body\Face">
      <UniqueIdentifier>{19cf79ec-2f1d-4c13-8e0f-f9f47bde5204}</UniqueIdentifier>
    </Filter>
    <Filter Include="Header Files\Models\Body\Hand">
      <UniqueIdentifier>{4f1672e3-02bd-45c9-b0e4-77e6552fb579}</UniqueIdentifier>
    </Filter>
  </ItemGroup>
  <ItemGroup>
    <ClCompile Include="DeviceConfiguration.cpp">
      <Filter>Source Files</Filter>
    </ClCompile>
    <ClCompile Include="EfficioFrame.cpp">
      <Filter>Source Files</Filter>
    </ClCompile>
    <ClCompile Include="Engine.cpp">
      <Filter>Source Files</Filter>
    </ClCompile>
    <ClCompile Include="Event.cpp">
      <Filter>Source Files</Filter>
    </ClCompile>
    <ClCompile Include="LeapConfiguration.cpp">
      <Filter>Source Files</Filter>
    </ClCompile>
    <ClCompile Include="MainPage.cpp">
      <Filter>Source Files</Filter>
    </ClCompile>
    <ClCompile Include="Vector3.cpp">
      <Filter>Source Files</Filter>
    </ClCompile>
    <ClCompile Include="Frame.cpp">
      <Filter>Source Files</Filter>
    </ClCompile>
    <ClCompile Include="Gesture.cpp">
      <Filter>Source Files</Filter>
    </ClCompile>
    <ClCompile Include="DiscreteGesture.cpp">
      <Filter>Source Files</Filter>
    </ClCompile>
    <ClCompile Include="ContinuousGesture.cpp">
      <Filter>Source Files</Filter>
    </ClCompile>
    <ClCompile Include="SingleHandGesture.cpp">
      <Filter>Source Files</Filter>
    </ClCompile>
    <ClCompile Include="Pinch.cpp">
      <Filter>Source Files</Filter>
    </ClCompile>
    <ClCompile Include="HistoricalFrameCollection.cpp">
      <Filter>Source Files</Filter>
    </ClCompile>
    <ClCompile Include="RuntimeCSharp_wrap.cxx">
      <Filter>Source Files</Filter>
    </ClCompile>
    <ClCompile Include="Finger.cpp">
      <Filter>Source Files</Filter>
    </ClCompile>
    <ClCompile Include="Hand.cpp">
      <Filter>Source Files</Filter>
    </ClCompile>
    <ClCompile Include="Joint.cpp">
      <Filter>Source Files</Filter>
    </ClCompile>
  </ItemGroup>
  <ItemGroup>
    <ClInclude Include="EfficioFrame.h">
      <Filter>Header Files</Filter>
    </ClInclude>
    <ClInclude Include="Engine.h">
      <Filter>Header Files</Filter>
    </ClInclude>
    <ClInclude Include="Enumerations.h">
      <Filter>Header Files</Filter>
    </ClInclude>
    <ClInclude Include="Vector3.h">
      <Filter>Header Files</Filter>
    </ClInclude>
    <ClInclude Include="DeviceConfiguration.h">
      <Filter>Header Files\Configuration</Filter>
    </ClInclude>
    <ClInclude Include="LeapConfiguration.h">
      <Filter>Header Files\Configuration</Filter>
    </ClInclude>
    <ClInclude Include="Event.h">
      <Filter>Header Files\Events</Filter>
    </ClInclude>
    <ClInclude Include="Frame.h">
      <Filter>Header Files</Filter>
    </ClInclude>
    <ClInclude Include="Gesture.h">
      <Filter>Header Files\Events\IRP</Filter>
    </ClInclude>
    <ClInclude Include="DiscreteGesture.h">
      <Filter>Header Files\Events\IRP</Filter>
    </ClInclude>
    <ClInclude Include="ContinuousGesture.h">
      <Filter>Header Files\Events\IRP</Filter>
    </ClInclude>
    <ClInclude Include="Pinch.h">
      <Filter>Header Files\Events\IRP\Human\Hands</Filter>
    </ClInclude>
    <ClInclude Include="SingleHandGestureDetector.h">
      <Filter>Header Files\Events\IRP\Human\Hands</Filter>
    </ClInclude>
    <ClInclude Include="HistoricalFrameCollection.h">
      <Filter>Header Files</Filter>
    </ClInclude>
    <ClInclude Include="EventType.h">
      <Filter>Header Files\Events</Filter>
    </ClInclude>
    <ClInclude Include="SkeletalData.h">
      <Filter>Header Files</Filter>
    </ClInclude>
    <ClInclude Include="Joint.h">
      <Filter>Header Files\Models\Body</Filter>
    </ClInclude>
    <ClInclude Include="Finger.h">
      <Filter>Header Files\Models\Body\Hand</Filter>
    </ClInclude>
    <ClInclude Include="Hand.h">
      <Filter>Header Files\Models\Body\Hand</Filter>
    </ClInclude>
    <ClInclude Include="SingleHandGesture.h">
      <Filter>Header Files\Events\IRP\Human</Filter>
    </ClInclude>
    <ClInclude Include="JointType.h">
      <Filter>Header Files\Models\Body</Filter>
    </ClInclude>
  </ItemGroup>
  <ItemGroup>
    <None Include="RuntimeCSharp.i" />
    <None Include="RuntimeJava.i" />
    <None Include="README.md" />
    <None Include="Efficio.i" />
  </ItemGroup>
</Project>