
Microsoft Visual Studio Solution File, Format Version 12.00
# Visual Studio 2015
Project("{FAE04EC0-301F-11D3-BF4B-00C04F79EFBC}") = "EfficioDemoUnityProject.CSharp", "EfficioDemoUnityProject.CSharp.csproj", "{702D9444-A858-A31F-DA78-8057FAC876E8}"
EndProject
Global
	GlobalSection(SolutionConfigurationPlatforms) = preSolution
		Debug|Any CPU = Debug|Any CPU
		Release|Any CPU = Release|Any CPU
	EndGlobalSection
	GlobalSection(ProjectConfigurationPlatforms) = postSolution
		{702D9444-A858-A31F-DA78-8057FAC876E8}.Debug|Any CPU.ActiveCfg = Debug|Any CPU
		{702D9444-A858-A31F-DA78-8057FAC876E8}.Debug|Any CPU.Build.0 = Debug|Any CPU
		{702D9444-A858-A31F-DA78-8057FAC876E8}.Release|Any CPU.ActiveCfg = Release|Any CPU
		{702D9444-A858-A31F-DA78-8057FAC876E8}.Release|Any CPU.Build.0 = Release|Any CPU
	EndGlobalSection
	GlobalSection(SolutionProperties) = preSolution
		HideSolutionNode = FALSE
	EndGlobalSection
EndGlobal
